
Microsoft Visual Studio Solution File, Format Version 12.00
# Visual Studio Version 17
VisualStudioVersion = 17.1.32319.34
MinimumVisualStudioVersion = 10.0.40219.1
Project("{9A19103F-16F7-4668-BE54-9A1E7A4F7556}") = "MyFirstApplication", "MyFirstApplication.csproj", "{1DA05EDC-CAFB-4F85-81B8-B0F31746B246}"
EndProject
Project("{2150E333-8FDC-42A3-9474-1A3956D46DE8}") = "Solution Items", "Solution Items", "{42C76F19-2684-4744-88FA-9B6E22F3D5D2}"
	ProjectSection(SolutionItems) = preProject
		..\README.md = ..\README.md
	EndProjectSection
EndProject
Project("{9A19103F-16F7-4668-BE54-9A1E7A4F7556}") = "Song", "..\Song\Song.csproj", "{B71F5A2D-3CD1-4103-B47A-093B4346959B}"
EndProject
Project("{9A19103F-16F7-4668-BE54-9A1E7A4F7556}") = "CSharpBicycleProject", "..\..\csharp-bicyle-project\CSharpBicycleProject\CSharpBicycleProject.csproj", "{1E1ABFB1-4595-4AC3-ACC5-90D191E7B275}"
EndProject
Project("{FAE04EC0-301F-11D3-BF4B-00C04F79EFBC}") = "MyFirstTestProject", "..\MyFirstTestProject\MyFirstTestProject.csproj", "{814D322F-1AAC-45F2-8BC8-CF3BAE8AA5E4}"
EndProject
Global
	GlobalSection(SolutionConfigurationPlatforms) = preSolution
		Debug|Any CPU = Debug|Any CPU
		Release|Any CPU = Release|Any CPU
	EndGlobalSection
	GlobalSection(ProjectConfigurationPlatforms) = postSolution
		{1DA05EDC-CAFB-4F85-81B8-B0F31746B246}.Debug|Any CPU.ActiveCfg = Debug|Any CPU
		{1DA05EDC-CAFB-4F85-81B8-B0F31746B246}.Debug|Any CPU.Build.0 = Debug|Any CPU
		{1DA05EDC-CAFB-4F85-81B8-B0F31746B246}.Release|Any CPU.ActiveCfg = Release|Any CPU
		{1DA05EDC-CAFB-4F85-81B8-B0F31746B246}.Release|Any CPU.Build.0 = Release|Any CPU
		{B71F5A2D-3CD1-4103-B47A-093B4346959B}.Debug|Any CPU.ActiveCfg = Debug|Any CPU
		{B71F5A2D-3CD1-4103-B47A-093B4346959B}.Debug|Any CPU.Build.0 = Debug|Any CPU
		{B71F5A2D-3CD1-4103-B47A-093B4346959B}.Release|Any CPU.ActiveCfg = Release|Any CPU
		{B71F5A2D-3CD1-4103-B47A-093B4346959B}.Release|Any CPU.Build.0 = Release|Any CPU
		{1E1ABFB1-4595-4AC3-ACC5-90D191E7B275}.Debug|Any CPU.ActiveCfg = Debug|Any CPU
		{1E1ABFB1-4595-4AC3-ACC5-90D191E7B275}.Debug|Any CPU.Build.0 = Debug|Any CPU
		{1E1ABFB1-4595-4AC3-ACC5-90D191E7B275}.Release|Any CPU.ActiveCfg = Release|Any CPU
		{1E1ABFB1-4595-4AC3-ACC5-90D191E7B275}.Release|Any CPU.Build.0 = Release|Any CPU
		{814D322F-1AAC-45F2-8BC8-CF3BAE8AA5E4}.Debug|Any CPU.ActiveCfg = Debug|Any CPU
		{814D322F-1AAC-45F2-8BC8-CF3BAE8AA5E4}.Debug|Any CPU.Build.0 = Debug|Any CPU
		{814D322F-1AAC-45F2-8BC8-CF3BAE8AA5E4}.Release|Any CPU.ActiveCfg = Release|Any CPU
		{814D322F-1AAC-45F2-8BC8-CF3BAE8AA5E4}.Release|Any CPU.Build.0 = Release|Any CPU
	EndGlobalSection
	GlobalSection(SolutionProperties) = preSolution
		HideSolutionNode = FALSE
	EndGlobalSection
	GlobalSection(ExtensibilityGlobals) = postSolution
		SolutionGuid = {15BC27D8-CE8F-4440-9DD7-7490CFA9FB7E}
	EndGlobalSection
EndGlobal
